
Microsoft Visual Studio Solution File, Format Version 12.00
# Visual Studio Version 17
VisualStudioVersion = 17.0.31903.59
MinimumVisualStudioVersion = 10.0.40219.1
Project("{9A19103F-16F7-4668-BE54-9A1E7A4F7556}") = "ScreenSound", "ScreenSound\ScreenSound.csproj", "{A9CCE41C-6657-42BF-AED4-F3F578033037}"
EndProject
Project("{FAE04EC0-301F-11D3-BF4B-00C04F79EFBC}") = "ScreenSound.API", "ScreenSound.API\ScreenSound.API.csproj", "{E9363D25-0EB5-4C22-AE91-E04024526060}"
EndProject
Project("{FAE04EC0-301F-11D3-BF4B-00C04F79EFBC}") = "ScreenSound.Shared.Models", "ScreenSound.Shared.Models\ScreenSound.Shared.Models.csproj", "{7F342BB9-A2AB-4F88-8154-0E8EA901C9B3}"
EndProject
Project("{FAE04EC0-301F-11D3-BF4B-00C04F79EFBC}") = "ScreenSound.Shared.Data", "ScreenSound.Shared.Data\ScreenSound.Shared.Data.csproj", "{EF2E0601-D4BE-41D1-9AE3-9E1BB20E0A37}"
EndProject
Global
	GlobalSection(SolutionConfigurationPlatforms) = preSolution
		Debug|Any CPU = Debug|Any CPU
		Release|Any CPU = Release|Any CPU
	EndGlobalSection
	GlobalSection(ProjectConfigurationPlatforms) = postSolution
		{A9CCE41C-6657-42BF-AED4-F3F578033037}.Debug|Any CPU.ActiveCfg = Debug|Any CPU
		{A9CCE41C-6657-42BF-AED4-F3F578033037}.Debug|Any CPU.Build.0 = Debug|Any CPU
		{A9CCE41C-6657-42BF-AED4-F3F578033037}.Release|Any CPU.ActiveCfg = Release|Any CPU
		{A9CCE41C-6657-42BF-AED4-F3F578033037}.Release|Any CPU.Build.0 = Release|Any CPU
		{E9363D25-0EB5-4C22-AE91-E04024526060}.Debug|Any CPU.ActiveCfg = Debug|Any CPU
		{E9363D25-0EB5-4C22-AE91-E04024526060}.Debug|Any CPU.Build.0 = Debug|Any CPU
		{E9363D25-0EB5-4C22-AE91-E04024526060}.Release|Any CPU.ActiveCfg = Release|Any CPU
		{E9363D25-0EB5-4C22-AE91-E04024526060}.Release|Any CPU.Build.0 = Release|Any CPU
		{7F342BB9-A2AB-4F88-8154-0E8EA901C9B3}.Debug|Any CPU.ActiveCfg = Debug|Any CPU
		{7F342BB9-A2AB-4F88-8154-0E8EA901C9B3}.Debug|Any CPU.Build.0 = Debug|Any CPU
		{7F342BB9-A2AB-4F88-8154-0E8EA901C9B3}.Release|Any CPU.ActiveCfg = Release|Any CPU
		{7F342BB9-A2AB-4F88-8154-0E8EA901C9B3}.Release|Any CPU.Build.0 = Release|Any CPU
		{EF2E0601-D4BE-41D1-9AE3-9E1BB20E0A37}.Debug|Any CPU.ActiveCfg = Debug|Any CPU
		{EF2E0601-D4BE-41D1-9AE3-9E1BB20E0A37}.Debug|Any CPU.Build.0 = Debug|Any CPU
		{EF2E0601-D4BE-41D1-9AE3-9E1BB20E0A37}.Release|Any CPU.ActiveCfg = Release|Any CPU
		{EF2E0601-D4BE-41D1-9AE3-9E1BB20E0A37}.Release|Any CPU.Build.0 = Release|Any CPU
	EndGlobalSection
	GlobalSection(SolutionProperties) = preSolution
		HideSolutionNode = FALSE
	EndGlobalSection
	GlobalSection(ExtensibilityGlobals) = postSolution
		SolutionGuid = {D9460126-4D5E-4A0C-8144-E47E3646E900}
	EndGlobalSection
EndGlobal
