
Microsoft Visual Studio Solution File, Format Version 12.00
# Visual Studio Version 17
VisualStudioVersion = 17.0.31903.59
MinimumVisualStudioVersion = 10.0.40219.1
Project("{9A19103F-16F7-4668-BE54-9A1E7A4F7556}") = "ScreenSound.API", "ScreenSound.API\ScreenSound.API.csproj", "{E9363D25-0EB5-4C22-AE91-E04024526060}"
EndProject
Project("{9A19103F-16F7-4668-BE54-9A1E7A4F7556}") = "ScreenSound.Shared.Models", "ScreenSound.Shared.Models\ScreenSound.Shared.Models.csproj", "{7F342BB9-A2AB-4F88-8154-0E8EA901C9B3}"
EndProject
Project("{9A19103F-16F7-4668-BE54-9A1E7A4F7556}") = "ScreenSound.Shared.Data", "ScreenSound.Shared.Data\ScreenSound.Shared.Data.csproj", "{EF2E0601-D4BE-41D1-9AE3-9E1BB20E0A37}"
EndProject
Project("{9A19103F-16F7-4668-BE54-9A1E7A4F7556}") = "ScreenSound.Web", "ScreenSound.Web\ScreenSound.Web.csproj", "{0C02D427-E07D-4B93-BF2B-619B250D0A69}"
EndProject
Project("{9A19103F-16F7-4668-BE54-9A1E7A4F7556}") = "ScreenSound.Tests", "ScreenSound.Tests\ScreenSound.Tests.csproj", "{BFE0CA69-ACFF-42FD-8E2F-992DB4C48EEC}"
EndProject
Project("{FAE04EC0-301F-11D3-BF4B-00C04F79EFBC}") = "ScreenSound.Tests.Integration", "ScreenSound.Tests.Integration\ScreenSound.Tests.Integration.csproj", "{606533ED-BFAA-4713-9FA5-6ACB7D10B434}"
EndProject
Global
	GlobalSection(SolutionConfigurationPlatforms) = preSolution
		Debug|Any CPU = Debug|Any CPU
		Release|Any CPU = Release|Any CPU
	EndGlobalSection
	GlobalSection(ProjectConfigurationPlatforms) = postSolution
		{E9363D25-0EB5-4C22-AE91-E04024526060}.Debug|Any CPU.ActiveCfg = Debug|Any CPU
		{E9363D25-0EB5-4C22-AE91-E04024526060}.Debug|Any CPU.Build.0 = Debug|Any CPU
		{E9363D25-0EB5-4C22-AE91-E04024526060}.Release|Any CPU.ActiveCfg = Release|Any CPU
		{E9363D25-0EB5-4C22-AE91-E04024526060}.Release|Any CPU.Build.0 = Release|Any CPU
		{7F342BB9-A2AB-4F88-8154-0E8EA901C9B3}.Debug|Any CPU.ActiveCfg = Debug|Any CPU
		{7F342BB9-A2AB-4F88-8154-0E8EA901C9B3}.Debug|Any CPU.Build.0 = Debug|Any CPU
		{7F342BB9-A2AB-4F88-8154-0E8EA901C9B3}.Release|Any CPU.ActiveCfg = Release|Any CPU
		{7F342BB9-A2AB-4F88-8154-0E8EA901C9B3}.Release|Any CPU.Build.0 = Release|Any CPU
		{EF2E0601-D4BE-41D1-9AE3-9E1BB20E0A37}.Debug|Any CPU.ActiveCfg = Debug|Any CPU
		{EF2E0601-D4BE-41D1-9AE3-9E1BB20E0A37}.Debug|Any CPU.Build.0 = Debug|Any CPU
		{EF2E0601-D4BE-41D1-9AE3-9E1BB20E0A37}.Release|Any CPU.ActiveCfg = Release|Any CPU
		{EF2E0601-D4BE-41D1-9AE3-9E1BB20E0A37}.Release|Any CPU.Build.0 = Release|Any CPU
		{0C02D427-E07D-4B93-BF2B-619B250D0A69}.Debug|Any CPU.ActiveCfg = Debug|Any CPU
		{0C02D427-E07D-4B93-BF2B-619B250D0A69}.Debug|Any CPU.Build.0 = Debug|Any CPU
		{0C02D427-E07D-4B93-BF2B-619B250D0A69}.Release|Any CPU.ActiveCfg = Release|Any CPU
		{0C02D427-E07D-4B93-BF2B-619B250D0A69}.Release|Any CPU.Build.0 = Release|Any CPU
		{BFE0CA69-ACFF-42FD-8E2F-992DB4C48EEC}.Debug|Any CPU.ActiveCfg = Debug|Any CPU
		{BFE0CA69-ACFF-42FD-8E2F-992DB4C48EEC}.Debug|Any CPU.Build.0 = Debug|Any CPU
		{BFE0CA69-ACFF-42FD-8E2F-992DB4C48EEC}.Release|Any CPU.ActiveCfg = Release|Any CPU
		{BFE0CA69-ACFF-42FD-8E2F-992DB4C48EEC}.Release|Any CPU.Build.0 = Release|Any CPU
		{606533ED-BFAA-4713-9FA5-6ACB7D10B434}.Debug|Any CPU.ActiveCfg = Debug|Any CPU
		{606533ED-BFAA-4713-9FA5-6ACB7D10B434}.Debug|Any CPU.Build.0 = Debug|Any CPU
		{606533ED-BFAA-4713-9FA5-6ACB7D10B434}.Release|Any CPU.ActiveCfg = Release|Any CPU
		{606533ED-BFAA-4713-9FA5-6ACB7D10B434}.Release|Any CPU.Build.0 = Release|Any CPU
	EndGlobalSection
	GlobalSection(SolutionProperties) = preSolution
		HideSolutionNode = FALSE
	EndGlobalSection
	GlobalSection(ExtensibilityGlobals) = postSolution
		SolutionGuid = {D9460126-4D5E-4A0C-8144-E47E3646E900}
	EndGlobalSection
EndGlobal
